
Microsoft Visual Studio Solution File, Format Version 12.00
# Visual Studio Version 17
VisualStudioVersion = 17.11.35219.272
MinimumVisualStudioVersion = 10.0.40219.1
Project("{FAE04EC0-301F-11D3-BF4B-00C04F79EFBC}") = "7", "7.csproj", "{38100938-01D2-4F74-ACC8-78793AB269EA}"
EndProject
Global
	GlobalSection(SolutionConfigurationPlatforms) = preSolution
		Debug|Any CPU = Debug|Any CPU
		Release|Any CPU = Release|Any CPU
	EndGlobalSection
	GlobalSection(ProjectConfigurationPlatforms) = postSolution
		{38100938-01D2-4F74-ACC8-78793AB269EA}.Debug|Any CPU.ActiveCfg = Debug|Any CPU
		{38100938-01D2-4F74-ACC8-78793AB269EA}.Debug|Any CPU.Build.0 = Debug|Any CPU
		{38100938-01D2-4F74-ACC8-78793AB269EA}.Release|Any CPU.ActiveCfg = Release|Any CPU
		{38100938-01D2-4F74-ACC8-78793AB269EA}.Release|Any CPU.Build.0 = Release|Any CPU
	EndGlobalSection
	GlobalSection(SolutionProperties) = preSolution
		HideSolutionNode = FALSE
	EndGlobalSection
	GlobalSection(ExtensibilityGlobals) = postSolution
		SolutionGuid = {996FBAD2-23B2-42E3-9F1C-5F20AE211A6C}
	EndGlobalSection
EndGlobal
