
Microsoft Visual Studio Solution File, Format Version 12.00
# Visual Studio Version 17
VisualStudioVersion = 17.11.35219.272
MinimumVisualStudioVersion = 10.0.40219.1
Project("{FAE04EC0-301F-11D3-BF4B-00C04F79EFBC}") = "20", "20.csproj", "{04ECD594-B8D7-4ACA-9BB1-24C9F3024CBF}"
EndProject
Global
	GlobalSection(SolutionConfigurationPlatforms) = preSolution
		Debug|Any CPU = Debug|Any CPU
		Release|Any CPU = Release|Any CPU
	EndGlobalSection
	GlobalSection(ProjectConfigurationPlatforms) = postSolution
		{04ECD594-B8D7-4ACA-9BB1-24C9F3024CBF}.Debug|Any CPU.ActiveCfg = Debug|Any CPU
		{04ECD594-B8D7-4ACA-9BB1-24C9F3024CBF}.Debug|Any CPU.Build.0 = Debug|Any CPU
		{04ECD594-B8D7-4ACA-9BB1-24C9F3024CBF}.Release|Any CPU.ActiveCfg = Release|Any CPU
		{04ECD594-B8D7-4ACA-9BB1-24C9F3024CBF}.Release|Any CPU.Build.0 = Release|Any CPU
	EndGlobalSection
	GlobalSection(SolutionProperties) = preSolution
		HideSolutionNode = FALSE
	EndGlobalSection
	GlobalSection(ExtensibilityGlobals) = postSolution
		SolutionGuid = {2FCF94EA-1BB6-408D-B809-683FD82EACE2}
	EndGlobalSection
EndGlobal
