
Microsoft Visual Studio Solution File, Format Version 12.00
# Visual Studio Version 17
VisualStudioVersion = 17.11.35219.272
MinimumVisualStudioVersion = 10.0.40219.1
Project("{FAE04EC0-301F-11D3-BF4B-00C04F79EFBC}") = "1_3", "1_3.csproj", "{7CA0E810-1435-4556-B6D0-D11AD41D8E02}"
EndProject
Global
	GlobalSection(SolutionConfigurationPlatforms) = preSolution
		Debug|Any CPU = Debug|Any CPU
		Release|Any CPU = Release|Any CPU
	EndGlobalSection
	GlobalSection(ProjectConfigurationPlatforms) = postSolution
		{7CA0E810-1435-4556-B6D0-D11AD41D8E02}.Debug|Any CPU.ActiveCfg = Debug|Any CPU
		{7CA0E810-1435-4556-B6D0-D11AD41D8E02}.Debug|Any CPU.Build.0 = Debug|Any CPU
		{7CA0E810-1435-4556-B6D0-D11AD41D8E02}.Release|Any CPU.ActiveCfg = Release|Any CPU
		{7CA0E810-1435-4556-B6D0-D11AD41D8E02}.Release|Any CPU.Build.0 = Release|Any CPU
	EndGlobalSection
	GlobalSection(SolutionProperties) = preSolution
		HideSolutionNode = FALSE
	EndGlobalSection
	GlobalSection(ExtensibilityGlobals) = postSolution
		SolutionGuid = {F2F0987D-5CEA-4667-B465-D16CD49F9CF7}
	EndGlobalSection
EndGlobal
